Microsoft Visual Studio Solution File, Format Version 12.00
# Visual Studio Version 17
VisualStudioVersion = 17.5.2.0
MinimumVisualStudioVersion = 10.0.40219.1
Project("{FAE04EC0-301F-11D3-BF4B-00C04F79EFBC}") = "DotStack", "DotStack.csproj", "{84BC6592-4A85-4CC2-729E-A329F5A8D839}"
EndProject
Global
	GlobalSection(SolutionConfigurationPlatforms) = preSolution
		Debug|Any CPU = Debug|Any CPU
		Release|Any CPU = Release|Any CPU
	EndGlobalSection
	GlobalSection(ProjectConfigurationPlatforms) = postSolution
		{84BC6592-4A85-4CC2-729E-A329F5A8D839}.Debug|Any CPU.ActiveCfg = Debug|Any CPU
		{84BC6592-4A85-4CC2-729E-A329F5A8D839}.Debug|Any CPU.Build.0 = Debug|Any CPU
		{84BC6592-4A85-4CC2-729E-A329F5A8D839}.Release|Any CPU.ActiveCfg = Release|Any CPU
		{84BC6592-4A85-4CC2-729E-A329F5A8D839}.Release|Any CPU.Build.0 = Release|Any CPU
	EndGlobalSection
	GlobalSection(SolutionProperties) = preSolution
		HideSolutionNode = FALSE
	EndGlobalSection
	GlobalSection(ExtensibilityGlobals) = postSolution
		SolutionGuid = {B5D884E1-488B-406C-98C8-52088B85BC39}
	EndGlobalSection
EndGlobal
